{
  "name": "@shutterbase/api",
  "version": "0.0.1",
  "lockfileVersion": 2,
  "requires": true,
  "packages": {
    "": {
      "name": "@shutterbase/api",
      "version": "0.0.1",
      "dependencies": {
        "@prisma/client": "^3.9.1"
      }
    },
    "node_modules/@prisma/client": {
      "version": "3.9.1",
      "resolved": "https://registry.npmjs.org/@prisma/client/-/client-3.9.1.tgz",
      "integrity": "sha512-aLwfXKLvL+loQ0IuPPCXkcq8cXBg1IeoHHa5lqQu3dJHdj45wnislA/Ny4UxRQjD5FXqrfAb8sWtF+jhdmjFTg==",
      "hasInstallScript": true,
      "dependencies": {
        "@prisma/engines-version": "3.9.0-58.bcc2ff906db47790ee902e7bbc76d7ffb1893009"
      },
      "engines": {
        "node": ">=12.6"
      },
      "peerDependencies": {
        "prisma": "*"
      },
      "peerDependenciesMeta": {
        "prisma": {
          "optional": true
        }
      }
    },
    "node_modules/@prisma/engines-version": {
      "version": "3.9.0-58.bcc2ff906db47790ee902e7bbc76d7ffb1893009",
      "resolved": "https://registry.npmjs.org/@prisma/engines-version/-/engines-version-3.9.0-58.bcc2ff906db47790ee902e7bbc76d7ffb1893009.tgz",
      "integrity": "sha512-5Dh+qTDhpPR66w6NNAnPs+/W/Qt4r1DSd+qhfPFcDThUK4uxoZKGlPb2IYQn5LL+18aIGnmteDf7BnVMmvBNSQ=="
    }
  },
  "dependencies": {
    "@prisma/client": {
      "version": "3.9.1",
      "resolved": "https://registry.npmjs.org/@prisma/client/-/client-3.9.1.tgz",
      "integrity": "sha512-aLwfXKLvL+loQ0IuPPCXkcq8cXBg1IeoHHa5lqQu3dJHdj45wnislA/Ny4UxRQjD5FXqrfAb8sWtF+jhdmjFTg==",
      "requires": {
        "@prisma/engines-version": "3.9.0-58.bcc2ff906db47790ee902e7bbc76d7ffb1893009"
      }
    },
    "@prisma/engines-version": {
      "version": "3.9.0-58.bcc2ff906db47790ee902e7bbc76d7ffb1893009",
      "resolved": "https://registry.npmjs.org/@prisma/engines-version/-/engines-version-3.9.0-58.bcc2ff906db47790ee902e7bbc76d7ffb1893009.tgz",
      "integrity": "sha512-5Dh+qTDhpPR66w6NNAnPs+/W/Qt4r1DSd+qhfPFcDThUK4uxoZKGlPb2IYQn5LL+18aIGnmteDf7BnVMmvBNSQ=="
    }
  }
}
